
Microsoft Visual Studio Solution File, Format Version 12.00
# Visual Studio 15
VisualStudioVersion = 15.0.28307.757
MinimumVisualStudioVersion = 10.0.40219.1
Project("{9A19103F-16F7-4668-BE54-9A1E7A4F7556}") = "Exception_Project", "Exeption\Exception_Project.csproj", "{D0790BF7-7EC5-4127-9A7A-691E543AC3DE}"
EndProject
Global
	GlobalSection(SolutionConfigurationPlatforms) = preSolution
		Debug|Any CPU = Debug|Any CPU
		Release|Any CPU = Release|Any CPU
	EndGlobalSection
	GlobalSection(ProjectConfigurationPlatforms) = postSolution
		{D0790BF7-7EC5-4127-9A7A-691E543AC3DE}.Debug|Any CPU.ActiveCfg = Debug|Any CPU
		{D0790BF7-7EC5-4127-9A7A-691E543AC3DE}.Debug|Any CPU.Build.0 = Debug|Any CPU
		{D0790BF7-7EC5-4127-9A7A-691E543AC3DE}.Release|Any CPU.ActiveCfg = Release|Any CPU
		{D0790BF7-7EC5-4127-9A7A-691E543AC3DE}.Release|Any CPU.Build.0 = Release|Any CPU
	EndGlobalSection
	GlobalSection(SolutionProperties) = preSolution
		HideSolutionNode = FALSE
	EndGlobalSection
	GlobalSection(ExtensibilityGlobals) = postSolution
		SolutionGuid = {3A1D36B7-E32E-475D-B7BF-D12B42887FAB}
	EndGlobalSection
EndGlobal
